version = 1
revision = 1
requires-python = ">=3.12"

[[package]]
name = "beautifulsoup4"
version = "4.13.3"
source = { registry = "https://pypi.org/simple" }
dependencies = [
    { name = "soupsieve" },
    { name = "typing-extensions" },
]
sdist = { url = "https://files.pythonhosted.org/packages/f0/3c/adaf39ce1fb4afdd21b611e3d530b183bb7759c9b673d60db0e347fd4439/beautifulsoup4-4.13.3.tar.gz", hash = "sha256:1bd32405dacc920b42b83ba01644747ed77456a65760e285fbc47633ceddaf8b", size = 619516 }
wheels = [
    { url = "https://files.pythonhosted.org/packages/f9/49/6abb616eb3cbab6a7cca303dc02fdf3836de2e0b834bf966a7f5271a34d8/beautifulsoup4-4.13.3-py3-none-any.whl", hash = "sha256:99045d7d3f08f91f0d656bc9b7efbae189426cd913d830294a15eefa0ea4df16", size = 186015 },
]

[[package]]
name = "book-typography"
version = "0.1.0"
source = { virtual = "." }
dependencies = [
    { name = "beautifulsoup4" },
    { name = "opencc" },
]

[package.metadata]
requires-dist = [
    { name = "beautifulsoup4", specifier = ">=4.13.3" },
    { name = "opencc", specifier = ">=1.1.9" },
]

[[package]]
name = "opencc"
version = "1.1.9"
source = { registry = "https://pypi.org/simple" }
sdist = { url = "https://files.pythonhosted.org/packages/e6/a2/0e86df1284143c389a3a6e33b159394da34b500a62b2b9c918949a2e6438/opencc-1.1.9.tar.gz", hash = "sha256:8ad72283732951303390fae33a1ceda98ac9b03368a8f2912edc934d74077e4a", size = 3409025 }
wheels = [
    { url = "https://files.pythonhosted.org/packages/8c/58/d1f270e9d329d4f4f7c1963f9700aa9c9d6f0c5042c641005da6369b4c8e/OpenCC-1.1.9-cp312-cp312-macosx_10_9_x86_64.whl", hash = "sha256:48bc3e37942b91a9cf51f525631792f79378e5332bdba9e10c05f6e7fe9036ca", size = 1482516 },
    { url = "https://files.pythonhosted.org/packages/23/f0/ddd3522a142ebb66b30c7d30509de940979c2fb30a9edbf417fdfc37278d/OpenCC-1.1.9-cp312-cp312-manylinux2014_x86_64.whl", hash = "sha256:1c5d1489bdaf9dc2865f0ea30eb565093253e73c1868d9c19554c8a044b545d4", size = 1653167 },
    { url = "https://files.pythonhosted.org/packages/2c/67/fb4fb43c1502fd9f14646211d9643ef67e8123455e176af6668265d2f875/OpenCC-1.1.9-cp312-cp312-win_amd64.whl", hash = "sha256:64f8d22c8505b65e8ee2d6e73241cbc92785d38b3c93885b423d7c4fcd31c679", size = 1756337 },
]

[[package]]
name = "soupsieve"
version = "2.6"
source = { registry = "https://pypi.org/simple" }
sdist = { url = "https://files.pythonhosted.org/packages/d7/ce/fbaeed4f9fb8b2daa961f90591662df6a86c1abf25c548329a86920aedfb/soupsieve-2.6.tar.gz", hash = "sha256:e2e68417777af359ec65daac1057404a3c8a5455bb8abc36f1a9866ab1a51abb", size = 101569 }
wheels = [
    { url = "https://files.pythonhosted.org/packages/d1/c2/fe97d779f3ef3b15f05c94a2f1e3d21732574ed441687474db9d342a7315/soupsieve-2.6-py3-none-any.whl", hash = "sha256:e72c4ff06e4fb6e4b5a9f0f55fe6e81514581fca1515028625d0f299c602ccc9", size = 36186 },
]

[[package]]
name = "typing-extensions"
version = "4.12.2"
source = { registry = "https://pypi.org/simple" }
sdist = { url = "https://files.pythonhosted.org/packages/df/db/f35a00659bc03fec321ba8bce9420de607a1d37f8342eee1863174c69557/typing_extensions-4.12.2.tar.gz", hash = "sha256:1a7ead55c7e559dd4dee8856e3a88b41225abfe1ce8df57b7c13915fe121ffb8", size = 85321 }
wheels = [
    { url = "https://files.pythonhosted.org/packages/26/9f/ad63fc0248c5379346306f8668cda6e2e2e9c95e01216d2b8ffd9ff037d0/typing_extensions-4.12.2-py3-none-any.whl", hash = "sha256:04e5ca0351e0f3f85c6853954072df659d0d13fac324d0072316b67d7794700d", size = 37438 },
]
